
Microsoft Visual Studio Solution File, Format Version 12.00
Project("{FAE04EC0-301F-11D3-BF4B-00C04F79EFBC}") = "MyApi", "MyApi\MyApi.csproj", "{A329E092-0F74-4704-93A1-30550C6F7958}"
EndProject
Project("{FAE04EC0-301F-11D3-BF4B-00C04F79EFBC}") = "MyApiTest", "MyApiTest\MyApiTest.csproj", "{6B674A35-C0D9-47E3-8E76-0A0F0AF6505F}"
EndProject
Project("{FAE04EC0-301F-11D3-BF4B-00C04F79EFBC}") = "MyLibrary", "MyLibrary\MyLibrary.csproj", "{EA6E8E5B-0EB2-4BB2-BA09-06AFA2E81F0D}"
EndProject
Project("{2150E333-8FDC-42A3-9474-1A3956D46DE8}") = "tests", "tests", "{03B1DBC8-3EBA-4C11-9374-1EDFDBF36388}"
EndProject
Project("{2150E333-8FDC-42A3-9474-1A3956D46DE8}") = "services", "services", "{9E1E44F5-E5EF-4D7A-9F13-226B5166BD68}"
EndProject
Global
	GlobalSection(SolutionConfigurationPlatforms) = preSolution
		Debug|Any CPU = Debug|Any CPU
		Release|Any CPU = Release|Any CPU
	EndGlobalSection
	GlobalSection(ProjectConfigurationPlatforms) = postSolution
		{A329E092-0F74-4704-93A1-30550C6F7958}.Debug|Any CPU.ActiveCfg = Debug|Any CPU
		{A329E092-0F74-4704-93A1-30550C6F7958}.Debug|Any CPU.Build.0 = Debug|Any CPU
		{A329E092-0F74-4704-93A1-30550C6F7958}.Release|Any CPU.ActiveCfg = Release|Any CPU
		{A329E092-0F74-4704-93A1-30550C6F7958}.Release|Any CPU.Build.0 = Release|Any CPU
		{6B674A35-C0D9-47E3-8E76-0A0F0AF6505F}.Debug|Any CPU.ActiveCfg = Debug|Any CPU
		{6B674A35-C0D9-47E3-8E76-0A0F0AF6505F}.Debug|Any CPU.Build.0 = Debug|Any CPU
		{6B674A35-C0D9-47E3-8E76-0A0F0AF6505F}.Release|Any CPU.ActiveCfg = Release|Any CPU
		{6B674A35-C0D9-47E3-8E76-0A0F0AF6505F}.Release|Any CPU.Build.0 = Release|Any CPU
		{EA6E8E5B-0EB2-4BB2-BA09-06AFA2E81F0D}.Debug|Any CPU.ActiveCfg = Debug|Any CPU
		{EA6E8E5B-0EB2-4BB2-BA09-06AFA2E81F0D}.Debug|Any CPU.Build.0 = Debug|Any CPU
		{EA6E8E5B-0EB2-4BB2-BA09-06AFA2E81F0D}.Release|Any CPU.ActiveCfg = Release|Any CPU
		{EA6E8E5B-0EB2-4BB2-BA09-06AFA2E81F0D}.Release|Any CPU.Build.0 = Release|Any CPU
	EndGlobalSection
	GlobalSection(NestedProjects) = preSolution
		{6B674A35-C0D9-47E3-8E76-0A0F0AF6505F} = {03B1DBC8-3EBA-4C11-9374-1EDFDBF36388}
		{A329E092-0F74-4704-93A1-30550C6F7958} = {9E1E44F5-E5EF-4D7A-9F13-226B5166BD68}
		{EA6E8E5B-0EB2-4BB2-BA09-06AFA2E81F0D} = {9E1E44F5-E5EF-4D7A-9F13-226B5166BD68}
	EndGlobalSection
EndGlobal
